
Microsoft Visual Studio Solution File, Format Version 12.00
# Visual Studio Version 16
VisualStudioVersion = 16.0.30907.101
MinimumVisualStudioVersion = 10.0.40219.1
Project("{FAE04EC0-301F-11D3-BF4B-00C04F79EFBC}") = "While", "While\While.csproj", "{14EAF7B6-6633-4F11-8FA6-7DA95D168313}"
EndProject
Global
	GlobalSection(SolutionConfigurationPlatforms) = preSolution
		Debug|Any CPU = Debug|Any CPU
		Release|Any CPU = Release|Any CPU
	EndGlobalSection
	GlobalSection(ProjectConfigurationPlatforms) = postSolution
		{14EAF7B6-6633-4F11-8FA6-7DA95D168313}.Debug|Any CPU.ActiveCfg = Debug|Any CPU
		{14EAF7B6-6633-4F11-8FA6-7DA95D168313}.Debug|Any CPU.Build.0 = Debug|Any CPU
		{14EAF7B6-6633-4F11-8FA6-7DA95D168313}.Release|Any CPU.ActiveCfg = Release|Any CPU
		{14EAF7B6-6633-4F11-8FA6-7DA95D168313}.Release|Any CPU.Build.0 = Release|Any CPU
	EndGlobalSection
	GlobalSection(SolutionProperties) = preSolution
		HideSolutionNode = FALSE
	EndGlobalSection
	GlobalSection(ExtensibilityGlobals) = postSolution
		SolutionGuid = {6C41CEAC-95C2-4BC3-8D15-5279541FAA9D}
	EndGlobalSection
EndGlobal
