
Microsoft Visual Studio Solution File, Format Version 12.00
# Visual Studio Version 16
VisualStudioVersion = 16.0.30907.101
MinimumVisualStudioVersion = 10.0.40219.1
Project("{FAE04EC0-301F-11D3-BF4B-00C04F79EFBC}") = "exercicios1", "exercicios1\exercicios1.csproj", "{2E3D6298-C49E-42C2-B87D-CB127AC1D794}"
EndProject
Global
	GlobalSection(SolutionConfigurationPlatforms) = preSolution
		Debug|Any CPU = Debug|Any CPU
		Release|Any CPU = Release|Any CPU
	EndGlobalSection
	GlobalSection(ProjectConfigurationPlatforms) = postSolution
		{2E3D6298-C49E-42C2-B87D-CB127AC1D794}.Debug|Any CPU.ActiveCfg = Debug|Any CPU
		{2E3D6298-C49E-42C2-B87D-CB127AC1D794}.Debug|Any CPU.Build.0 = Debug|Any CPU
		{2E3D6298-C49E-42C2-B87D-CB127AC1D794}.Release|Any CPU.ActiveCfg = Release|Any CPU
		{2E3D6298-C49E-42C2-B87D-CB127AC1D794}.Release|Any CPU.Build.0 = Release|Any CPU
	EndGlobalSection
	GlobalSection(SolutionProperties) = preSolution
		HideSolutionNode = FALSE
	EndGlobalSection
	GlobalSection(ExtensibilityGlobals) = postSolution
		SolutionGuid = {FB512604-9171-48F5-9FC9-1E7E422D3B8D}
	EndGlobalSection
EndGlobal
